
Microsoft Visual Studio Solution File, Format Version 12.00
# Visual Studio Version 17
VisualStudioVersion = 17.14.36203.30 d17.14
MinimumVisualStudioVersion = 10.0.40219.1
Project("{FAE04EC0-301F-11D3-BF4B-00C04F79EFBC}") = "TeduBlog.Api", "src\TeduBlog.Api\TeduBlog.Api.csproj", "{A17104F8-92C4-423C-8B37-9445FC60464E}"
EndProject
Project("{FAE04EC0-301F-11D3-BF4B-00C04F79EFBC}") = "TeduBlog.Core", "src\TeduBlog.Core\TeduBlog.Core.csproj", "{2670F443-8E88-404D-8E4E-816CD126670C}"
EndProject
Project("{FAE04EC0-301F-11D3-BF4B-00C04F79EFBC}") = "TeduBlog.Data", "src\TeduBlog.Data\TeduBlog.Data.csproj", "{3D57B60F-5F6F-4042-8827-81ADAA3C236B}"
EndProject
Project("{FAE04EC0-301F-11D3-BF4B-00C04F79EFBC}") = "TeduBlog.WebApp", "src\TeduBlog.WebApp\TeduBlog.WebApp.csproj", "{ADF22BE2-F3BC-4252-8581-C9D9B5C29947}"
EndProject
Global
	GlobalSection(SolutionConfigurationPlatforms) = preSolution
		Debug|Any CPU = Debug|Any CPU
		Release|Any CPU = Release|Any CPU
	EndGlobalSection
	GlobalSection(ProjectConfigurationPlatforms) = postSolution
		{A17104F8-92C4-423C-8B37-9445FC60464E}.Debug|Any CPU.ActiveCfg = Debug|Any CPU
		{A17104F8-92C4-423C-8B37-9445FC60464E}.Debug|Any CPU.Build.0 = Debug|Any CPU
		{A17104F8-92C4-423C-8B37-9445FC60464E}.Release|Any CPU.ActiveCfg = Release|Any CPU
		{A17104F8-92C4-423C-8B37-9445FC60464E}.Release|Any CPU.Build.0 = Release|Any CPU
		{2670F443-8E88-404D-8E4E-816CD126670C}.Debug|Any CPU.ActiveCfg = Debug|Any CPU
		{2670F443-8E88-404D-8E4E-816CD126670C}.Debug|Any CPU.Build.0 = Debug|Any CPU
		{2670F443-8E88-404D-8E4E-816CD126670C}.Release|Any CPU.ActiveCfg = Release|Any CPU
		{2670F443-8E88-404D-8E4E-816CD126670C}.Release|Any CPU.Build.0 = Release|Any CPU
		{3D57B60F-5F6F-4042-8827-81ADAA3C236B}.Debug|Any CPU.ActiveCfg = Debug|Any CPU
		{3D57B60F-5F6F-4042-8827-81ADAA3C236B}.Debug|Any CPU.Build.0 = Debug|Any CPU
		{3D57B60F-5F6F-4042-8827-81ADAA3C236B}.Release|Any CPU.ActiveCfg = Release|Any CPU
		{3D57B60F-5F6F-4042-8827-81ADAA3C236B}.Release|Any CPU.Build.0 = Release|Any CPU
		{ADF22BE2-F3BC-4252-8581-C9D9B5C29947}.Debug|Any CPU.ActiveCfg = Debug|Any CPU
		{ADF22BE2-F3BC-4252-8581-C9D9B5C29947}.Debug|Any CPU.Build.0 = Debug|Any CPU
		{ADF22BE2-F3BC-4252-8581-C9D9B5C29947}.Release|Any CPU.ActiveCfg = Release|Any CPU
		{ADF22BE2-F3BC-4252-8581-C9D9B5C29947}.Release|Any CPU.Build.0 = Release|Any CPU
	EndGlobalSection
	GlobalSection(SolutionProperties) = preSolution
		HideSolutionNode = FALSE
	EndGlobalSection
	GlobalSection(ExtensibilityGlobals) = postSolution
		SolutionGuid = {1F43ACB1-62EF-4824-B47D-BF482580E81E}
	EndGlobalSection
EndGlobal
